
Microsoft Visual Studio Solution File, Format Version 12.00
# Visual Studio Version 16
VisualStudioVersion = 16.0.31410.357
MinimumVisualStudioVersion = 10.0.40219.1
Project("{FAE04EC0-301F-11D3-BF4B-00C04F79EFBC}") = "CrudWindowsFormsTutoria", "CrudWindowsFormsTutoria.csproj", "{5300243F-796F-4275-BEE1-D68C96CB2696}"
EndProject
Global
	GlobalSection(SolutionConfigurationPlatforms) = preSolution
		Debug|Any CPU = Debug|Any CPU
		Release|Any CPU = Release|Any CPU
	EndGlobalSection
	GlobalSection(ProjectConfigurationPlatforms) = postSolution
		{5300243F-796F-4275-BEE1-D68C96CB2696}.Debug|Any CPU.ActiveCfg = Debug|Any CPU
		{5300243F-796F-4275-BEE1-D68C96CB2696}.Debug|Any CPU.Build.0 = Debug|Any CPU
		{5300243F-796F-4275-BEE1-D68C96CB2696}.Release|Any CPU.ActiveCfg = Release|Any CPU
		{5300243F-796F-4275-BEE1-D68C96CB2696}.Release|Any CPU.Build.0 = Release|Any CPU
	EndGlobalSection
	GlobalSection(SolutionProperties) = preSolution
		HideSolutionNode = FALSE
	EndGlobalSection
	GlobalSection(ExtensibilityGlobals) = postSolution
		SolutionGuid = {88A4E47C-CA02-4508-8D48-A4EBA6E75E4C}
	EndGlobalSection
EndGlobal
