
Microsoft Visual Studio Solution File, Format Version 12.00
# Visual Studio Version 16
VisualStudioVersion = 16.0.31410.357
MinimumVisualStudioVersion = 10.0.40219.1
Project("{FAE04EC0-301F-11D3-BF4B-00C04F79EFBC}") = "Formularios", "Formularios.csproj", "{48C28BD2-8EA0-4948-A655-E00DEF24A37F}"
EndProject
Global
	GlobalSection(SolutionConfigurationPlatforms) = preSolution
		Debug|Any CPU = Debug|Any CPU
		Release|Any CPU = Release|Any CPU
	EndGlobalSection
	GlobalSection(ProjectConfigurationPlatforms) = postSolution
		{48C28BD2-8EA0-4948-A655-E00DEF24A37F}.Debug|Any CPU.ActiveCfg = Debug|Any CPU
		{48C28BD2-8EA0-4948-A655-E00DEF24A37F}.Debug|Any CPU.Build.0 = Debug|Any CPU
		{48C28BD2-8EA0-4948-A655-E00DEF24A37F}.Release|Any CPU.ActiveCfg = Release|Any CPU
		{48C28BD2-8EA0-4948-A655-E00DEF24A37F}.Release|Any CPU.Build.0 = Release|Any CPU
	EndGlobalSection
	GlobalSection(SolutionProperties) = preSolution
		HideSolutionNode = FALSE
	EndGlobalSection
	GlobalSection(ExtensibilityGlobals) = postSolution
		SolutionGuid = {084432A4-2E9A-44A2-8839-1F87340FC90F}
	EndGlobalSection
EndGlobal
