
Microsoft Visual Studio Solution File, Format Version 12.00
# Visual Studio Version 16
VisualStudioVersion = 16.0.31424.327
MinimumVisualStudioVersion = 10.0.40219.1
Project("{FAE04EC0-301F-11D3-BF4B-00C04F79EFBC}") = "SistemaTutoria", "SistemaTutoria\SistemaTutoria.csproj", "{502177FD-483B-4C35-A13F-D94C9AEB5543}"
EndProject
Project("{FAE04EC0-301F-11D3-BF4B-00C04F79EFBC}") = "Negocios", "Negocios\Negocios.csproj", "{1E927F73-E2EF-48E9-AB29-C06CD714E487}"
EndProject
Project("{FAE04EC0-301F-11D3-BF4B-00C04F79EFBC}") = "Datos", "Datos\Datos.csproj", "{5A9137B5-66C0-4170-96A9-910A3ECEBDB1}"
EndProject
Global
	GlobalSection(SolutionConfigurationPlatforms) = preSolution
		Debug|Any CPU = Debug|Any CPU
		Release|Any CPU = Release|Any CPU
	EndGlobalSection
	GlobalSection(ProjectConfigurationPlatforms) = postSolution
		{502177FD-483B-4C35-A13F-D94C9AEB5543}.Debug|Any CPU.ActiveCfg = Debug|Any CPU
		{502177FD-483B-4C35-A13F-D94C9AEB5543}.Debug|Any CPU.Build.0 = Debug|Any CPU
		{502177FD-483B-4C35-A13F-D94C9AEB5543}.Release|Any CPU.ActiveCfg = Release|Any CPU
		{502177FD-483B-4C35-A13F-D94C9AEB5543}.Release|Any CPU.Build.0 = Release|Any CPU
		{1E927F73-E2EF-48E9-AB29-C06CD714E487}.Debug|Any CPU.ActiveCfg = Debug|Any CPU
		{1E927F73-E2EF-48E9-AB29-C06CD714E487}.Debug|Any CPU.Build.0 = Debug|Any CPU
		{1E927F73-E2EF-48E9-AB29-C06CD714E487}.Release|Any CPU.ActiveCfg = Release|Any CPU
		{1E927F73-E2EF-48E9-AB29-C06CD714E487}.Release|Any CPU.Build.0 = Release|Any CPU
		{5A9137B5-66C0-4170-96A9-910A3ECEBDB1}.Debug|Any CPU.ActiveCfg = Debug|Any CPU
		{5A9137B5-66C0-4170-96A9-910A3ECEBDB1}.Debug|Any CPU.Build.0 = Debug|Any CPU
		{5A9137B5-66C0-4170-96A9-910A3ECEBDB1}.Release|Any CPU.ActiveCfg = Release|Any CPU
		{5A9137B5-66C0-4170-96A9-910A3ECEBDB1}.Release|Any CPU.Build.0 = Release|Any CPU
	EndGlobalSection
	GlobalSection(SolutionProperties) = preSolution
		HideSolutionNode = FALSE
	EndGlobalSection
	GlobalSection(ExtensibilityGlobals) = postSolution
		SolutionGuid = {DD13E7CD-D5B6-4C96-A1A0-506C859C0175}
	EndGlobalSection
EndGlobal
